<?xml version="1.0" encoding="UTF-8" standalone="yes" ?>
<CodeBlocks_project_file>
	<FileVersion major="1" minor="6" />
	<Project>
		<Option title="knossos" />
		<Option pch_mode="2" />
		<Option default_target="debug" />
		<Option compiler="gcc" />
		<Build>
			<Target title="release">
				<Option platforms="Windows;" />
				<Option output="knossos" prefix_auto="1" extension_auto="1" />
				<Option type="0" />
				<Option compiler="gcc" />
				<Compiler>
					<Add option="-march=pentium4" />
					<Add option="-O3" />
					<Add option="-Wall" />
				</Compiler>
				<Linker>
					<Add option="-s" />
					<Add library="ag_gui" />
					<Add library="ag_core" />
					<Add library="ag_dev" />
					<Add library="SDL" />
					<Add library="SDLmain" />
					<Add library="mingw32" />
					<Add library="m" />
					<Add library="GLee" />
					<Add library="opengl32" />
					<Add library="glu32" />
					<Add library="SDL_net" />
					<Add library="wsock32" />
					<Add library="liblibxml2" />
					<Add library="iconv" />
					<Add library="z" />
					<Add library="z.dll" />
					<Add library="msvcrt" />
					<Add library="libglut32" />
					<Add library="freetype" />
					<Add library="pthreadVC2" />
					<Add library="libSDL_Clipboard" />
				</Linker>
			</Target>
			<Target title="debug">
				<Option platforms="Windows;" />
				<Option output="knossos" prefix_auto="1" extension_auto="1" />
				<Option type="1" />
				<Option compiler="gcc" />
				<Option parameters="--data-path=i:\j0126_cubed\mag1" />
				<Compiler>
					<Add option="-Wall" />
					<Add option="-pg" />
					<Add option="-g" />
				</Compiler>
				<Linker>
					<Add option="-pg -lgmon" />
					<Add library="ag_gui" />
					<Add library="ag_core" />
					<Add library="ag_dev" />
					<Add library="SDL" />
					<Add library="SDLmain" />
					<Add library="mingw32" />
					<Add library="m" />
					<Add library="GLee" />
					<Add library="opengl32" />
					<Add library="glu32" />
					<Add library="SDL_net" />
					<Add library="wsock32" />
					<Add library="liblibxml2" />
					<Add library="iconv" />
					<Add library="z" />
					<Add library="z.dll" />
					<Add library="msvcrt" />
					<Add library="libglut32" />
					<Add library="freetype" />
					<Add library="pthreadVC2" />
					<Add library="libSDL_Clipboard" />
					<Add library="gdi32" />
				</Linker>
			</Target>
		</Build>
		<Compiler>
			<Add option="-Wall" />
			<Add option="-g" />
			<Add option="-std=c99" />
		</Compiler>
		<Linker>
			<Add library="ag_gui" />
			<Add library="ag_core" />
			<Add library="ag_dev" />
			<Add library="SDL" />
			<Add library="SDLmain" />
			<Add library="mingw32" />
			<Add library="m" />
			<Add library="GLee" />
			<Add library="opengl32" />
			<Add library="glu32" />
			<Add library="SDL_net" />
			<Add library="wsock32" />
			<Add library="liblibxml2" />
			<Add library="iconv" />
			<Add library="z" />
			<Add library="z.dll" />
			<Add library="msvcrt" />
			<Add library="libglut32" />
			<Add library="freetype" />
			<Add library="pthreadVC2" />
			<Add library="libSDL_Clipboard" />
		</Linker>
		<Unit filename="client.c">
			<Option compilerVar="CC" />
		</Unit>
		<Unit filename="client.h" />
		<Unit filename="coordinate.c">
			<Option compilerVar="CC" />
		</Unit>
		<Unit filename="customStyle.c">
			<Option compilerVar="CC" />
		</Unit>
		<Unit filename="customStyle.h" />
		<Unit filename="eventHandler.c">
			<Option compilerVar="CC" />
		</Unit>
		<Unit filename="eventHandler.h" />
		<Unit filename="ftp.c">
			<Option compilerVar="CC" />
		</Unit>
		<Unit filename="ftplib/ftplib.c">
			<Option compilerVar="CC" />
		</Unit>
		<Unit filename="ftplib/ftplib.h" />
		<Unit filename="gui.c">
			<Option compilerVar="CC" />
		</Unit>
		<Unit filename="gui.h" />
		<Unit filename="hash.c">
			<Option compilerVar="CC" />
		</Unit>
		<Unit filename="hash.h" />
		<Unit filename="knossos-global.h" />
		<Unit filename="knossos.c">
			<Option compilerVar="CC" />
		</Unit>
		<Unit filename="knossos.h" />
		<Unit filename="lex.yy.c">
			<Option compilerVar="CC" />
		</Unit>
		<Unit filename="loader.c">
			<Option compilerVar="CC" />
		</Unit>
		<Unit filename="loader.h" />
		<Unit filename="openjpeg/bio.c">
			<Option compilerVar="CC" />
		</Unit>
		<Unit filename="openjpeg/bio.h" />
		<Unit filename="openjpeg/cidx_manager.h" />
		<Unit filename="openjpeg/cio.c">
			<Option compilerVar="CC" />
		</Unit>
		<Unit filename="openjpeg/cio.h" />
		<Unit filename="openjpeg/color.c">
			<Option compilerVar="CC" />
		</Unit>
		<Unit filename="openjpeg/color.h" />
		<Unit filename="openjpeg/convert.c">
			<Option compilerVar="CC" />
		</Unit>
		<Unit filename="openjpeg/convert.h" />
		<Unit filename="openjpeg/dwt.c">
			<Option compilerVar="CC" />
		</Unit>
		<Unit filename="openjpeg/dwt.h" />
		<Unit filename="openjpeg/event.c">
			<Option compilerVar="CC" />
		</Unit>
		<Unit filename="openjpeg/event.h" />
		<Unit filename="openjpeg/function_list.c">
			<Option compilerVar="CC" />
		</Unit>
		<Unit filename="openjpeg/function_list.h" />
		<Unit filename="openjpeg/image.c">
			<Option compilerVar="CC" />
		</Unit>
		<Unit filename="openjpeg/image.h" />
		<Unit filename="openjpeg/index.c">
			<Option compilerVar="CC" />
		</Unit>
		<Unit filename="openjpeg/index.h" />
		<Unit filename="openjpeg/indexbox_manager.h" />
		<Unit filename="openjpeg/invert.c">
			<Option compilerVar="CC" />
		</Unit>
		<Unit filename="openjpeg/invert.h" />
		<Unit filename="openjpeg/j2k.c">
			<Option compilerVar="CC" />
		</Unit>
		<Unit filename="openjpeg/j2k.h" />
		<Unit filename="openjpeg/jp2.c">
			<Option compilerVar="CC" />
		</Unit>
		<Unit filename="openjpeg/jp2.h" />
		<Unit filename="openjpeg/mct.c">
			<Option compilerVar="CC" />
		</Unit>
		<Unit filename="openjpeg/mct.h" />
		<Unit filename="openjpeg/mqc.c">
			<Option compilerVar="CC" />
		</Unit>
		<Unit filename="openjpeg/mqc.h" />
		<Unit filename="openjpeg/openjpeg.c">
			<Option compilerVar="CC" />
		</Unit>
		<Unit filename="openjpeg/openjpeg.h" />
		<Unit filename="openjpeg/opj_apps_config.h" />
		<Unit filename="openjpeg/opj_clock.c">
			<Option compilerVar="CC" />
		</Unit>
		<Unit filename="openjpeg/opj_clock.h" />
		<Unit filename="openjpeg/opj_config.h" />
		<Unit filename="openjpeg/opj_config_private.h" />
		<Unit filename="openjpeg/opj_decompress.c">
			<Option compilerVar="CC" />
		</Unit>
		<Unit filename="openjpeg/opj_getopt.c">
			<Option compilerVar="CC" />
		</Unit>
		<Unit filename="openjpeg/opj_getopt.h" />
		<Unit filename="openjpeg/opj_includes.h" />
		<Unit filename="openjpeg/opj_intmath.h" />
		<Unit filename="openjpeg/opj_inttypes.h" />
		<Unit filename="openjpeg/opj_malloc.h" />
		<Unit filename="openjpeg/opj_stdint.h" />
		<Unit filename="openjpeg/pi.c">
			<Option compilerVar="CC" />
		</Unit>
		<Unit filename="openjpeg/pi.h" />
		<Unit filename="openjpeg/raw.c">
			<Option compilerVar="CC" />
		</Unit>
		<Unit filename="openjpeg/raw.h" />
		<Unit filename="openjpeg/t1.c">
			<Option compilerVar="CC" />
		</Unit>
		<Unit filename="openjpeg/t1.h" />
		<Unit filename="openjpeg/t1_luts.h" />
		<Unit filename="openjpeg/t2.c">
			<Option compilerVar="CC" />
		</Unit>
		<Unit filename="openjpeg/t2.h" />
		<Unit filename="openjpeg/tcd.c">
			<Option compilerVar="CC" />
		</Unit>
		<Unit filename="openjpeg/tcd.h" />
		<Unit filename="openjpeg/tgt.c">
			<Option compilerVar="CC" />
		</Unit>
		<Unit filename="openjpeg/tgt.h" />
		<Unit filename="qsort.c">
			<Option compilerVar="CC" />
		</Unit>
		<Unit filename="refreshTime.c">
			<Option compilerVar="CC" />
		</Unit>
		<Unit filename="remote.c">
			<Option compilerVar="CC" />
		</Unit>
		<Unit filename="remote.h" />
		<Unit filename="renderer.c">
			<Option compilerVar="CC" />
		</Unit>
		<Unit filename="renderer.h" />
		<Unit filename="sha256.c">
			<Option compilerVar="CC" />
		</Unit>
		<Unit filename="sha256.h" />
		<Unit filename="skeletonizer.c">
			<Option compilerVar="CC" />
		</Unit>
		<Unit filename="skeletonizer.h" />
		<Unit filename="treeLUT_fallback.c">
			<Option compilerVar="CC" />
		</Unit>
		<Unit filename="treeLUT_fallback.h" />
		<Unit filename="viewer.c">
			<Option compilerVar="CC" />
		</Unit>
		<Unit filename="viewer.h" />
		<Unit filename="y.tab.c">
			<Option compilerVar="CC" />
		</Unit>
		<Unit filename="y.tab.h" />
		<Extensions>
			<code_completion />
			<envvars />
			<debugger />
			<wxsmith version="1">
				<gui name="wxWidgets" src="" main="" init_handlers="necessary" language="CPP" />
			</wxsmith>
		</Extensions>
	</Project>
</CodeBlocks_project_file>
